{
    "name": "nodebb-plugin-ws-extended-markdown",
    "version": "1.5.1",
    "lockfileVersion": 1,
    "requires": true,
    "dependencies": {
        "xxhash-addon": {
            "version": "1.4.0",
            "resolved": "https://registry.npmjs.org/xxhash-addon/-/xxhash-addon-1.4.0.tgz",
            "integrity": "sha512-n3Ml0Vgvy7jMYJBlQIoFLjYxXNZQ5CbzW8E2Ynq2QCUpWMqCouooW7j02+7Oud5FijBuSrjQNuN/fCiz1SHN+w=="
        }
    }
}
